
Microsoft Visual Studio Solution File, Format Version 12.00
# Visual Studio Version 16
VisualStudioVersion = 16.0.32228.343
MinimumVisualStudioVersion = 10.0.40219.1
Project("{FAE04EC0-301F-11D3-BF4B-00C04F79EFBC}") = "bonkersland client downloader XD", "bonkersland client downloader XD\bonkersland client downloader XD.csproj", "{A18BEE28-7E86-45CD-960F-E1E51D35E9AA}"
EndProject
Global
	GlobalSection(SolutionConfigurationPlatforms) = preSolution
		Debug|Any CPU = Debug|Any CPU
		Release|Any CPU = Release|Any CPU
	EndGlobalSection
	GlobalSection(ProjectConfigurationPlatforms) = postSolution
		{A18BEE28-7E86-45CD-960F-E1E51D35E9AA}.Debug|Any CPU.ActiveCfg = Debug|Any CPU
		{A18BEE28-7E86-45CD-960F-E1E51D35E9AA}.Debug|Any CPU.Build.0 = Debug|Any CPU
		{A18BEE28-7E86-45CD-960F-E1E51D35E9AA}.Release|Any CPU.ActiveCfg = Release|Any CPU
		{A18BEE28-7E86-45CD-960F-E1E51D35E9AA}.Release|Any CPU.Build.0 = Release|Any CPU
	EndGlobalSection
	GlobalSection(SolutionProperties) = preSolution
		HideSolutionNode = FALSE
	EndGlobalSection
	GlobalSection(ExtensibilityGlobals) = postSolution
		SolutionGuid = {047349BB-BAA5-477F-9B52-3F9FA2B1747E}
	EndGlobalSection
EndGlobal
